
Microsoft Visual Studio Solution File, Format Version 12.00
# Visual Studio 15
VisualStudioVersion = 15.0.27428.2037
MinimumVisualStudioVersion = 10.0.40219.1
Project("{FAE04EC0-301F-11D3-BF4B-00C04F79EFBC}") = "Calculator", "Calculator\Calculator.csproj", "{B6675287-242E-47A2-A122-615DCEE20880}"
EndProject
Project("{FAE04EC0-301F-11D3-BF4B-00C04F79EFBC}") = "Tests for Calculator", "Tests for Calculator\Tests for Calculator.csproj", "{C1A43593-7C16-4BEE-89E2-8D2DA8DDD830}"
EndProject
Global
	GlobalSection(SolutionConfigurationPlatforms) = preSolution
		Debug|Any CPU = Debug|Any CPU
		Release|Any CPU = Release|Any CPU
	EndGlobalSection
	GlobalSection(ProjectConfigurationPlatforms) = postSolution
		{B6675287-242E-47A2-A122-615DCEE20880}.Debug|Any CPU.ActiveCfg = Debug|Any CPU
		{B6675287-242E-47A2-A122-615DCEE20880}.Debug|Any CPU.Build.0 = Debug|Any CPU
		{B6675287-242E-47A2-A122-615DCEE20880}.Release|Any CPU.ActiveCfg = Release|Any CPU
		{B6675287-242E-47A2-A122-615DCEE20880}.Release|Any CPU.Build.0 = Release|Any CPU
		{C1A43593-7C16-4BEE-89E2-8D2DA8DDD830}.Debug|Any CPU.ActiveCfg = Debug|Any CPU
		{C1A43593-7C16-4BEE-89E2-8D2DA8DDD830}.Debug|Any CPU.Build.0 = Debug|Any CPU
		{C1A43593-7C16-4BEE-89E2-8D2DA8DDD830}.Release|Any CPU.ActiveCfg = Release|Any CPU
		{C1A43593-7C16-4BEE-89E2-8D2DA8DDD830}.Release|Any CPU.Build.0 = Release|Any CPU
	EndGlobalSection
	GlobalSection(SolutionProperties) = preSolution
		HideSolutionNode = FALSE
	EndGlobalSection
	GlobalSection(ExtensibilityGlobals) = postSolution
		SolutionGuid = {D153FE54-393C-4BA8-9B8E-F73F842DAB01}
	EndGlobalSection
EndGlobal
